
Microsoft Visual Studio Solution File, Format Version 12.00
# Visual Studio Version 17
VisualStudioVersion = 17.11.35312.102
MinimumVisualStudioVersion = 10.0.40219.1
Project("{FAE04EC0-301F-11D3-BF4B-00C04F79EFBC}") = "black", "black\black.csproj", "{A5074E75-E312-4FE9-B0EC-8CECAFEA0312}"
EndProject
Global
	GlobalSection(SolutionConfigurationPlatforms) = preSolution
		Debug|Any CPU = Debug|Any CPU
		Release|Any CPU = Release|Any CPU
	EndGlobalSection
	GlobalSection(ProjectConfigurationPlatforms) = postSolution
		{A5074E75-E312-4FE9-B0EC-8CECAFEA0312}.Debug|Any CPU.ActiveCfg = Debug|Any CPU
		{A5074E75-E312-4FE9-B0EC-8CECAFEA0312}.Debug|Any CPU.Build.0 = Debug|Any CPU
		{A5074E75-E312-4FE9-B0EC-8CECAFEA0312}.Release|Any CPU.ActiveCfg = Release|Any CPU
		{A5074E75-E312-4FE9-B0EC-8CECAFEA0312}.Release|Any CPU.Build.0 = Release|Any CPU
	EndGlobalSection
	GlobalSection(SolutionProperties) = preSolution
		HideSolutionNode = FALSE
	EndGlobalSection
	GlobalSection(ExtensibilityGlobals) = postSolution
		SolutionGuid = {DDCC0EA7-D7F5-438B-9CAF-D089C311E434}
	EndGlobalSection
EndGlobal
